Microsoft Visual Studio Solution File, Format Version 12.00
# Visual Studio 2012
Project("{FAE04EC0-301F-11D3-BF4B-00C04F79EFBC}") = "Godot Assignment 5 Observer State and Pooling", "Godot Assignment 5 Observer State and Pooling.csproj", "{CFAF4422-0C2A-4316-BE08-83DC06A08ABF}"
EndProject
Global
	GlobalSection(SolutionConfigurationPlatforms) = preSolution
	Debug|Any CPU = Debug|Any CPU
	ExportDebug|Any CPU = ExportDebug|Any CPU
	ExportRelease|Any CPU = ExportRelease|Any CPU
	EndGlobalSection
	GlobalSection(ProjectConfigurationPlatforms) = postSolution
		{CFAF4422-0C2A-4316-BE08-83DC06A08ABF}.Debug|Any CPU.ActiveCfg = Debug|Any CPU
		{CFAF4422-0C2A-4316-BE08-83DC06A08ABF}.Debug|Any CPU.Build.0 = Debug|Any CPU
		{CFAF4422-0C2A-4316-BE08-83DC06A08ABF}.ExportDebug|Any CPU.ActiveCfg = ExportDebug|Any CPU
		{CFAF4422-0C2A-4316-BE08-83DC06A08ABF}.ExportDebug|Any CPU.Build.0 = ExportDebug|Any CPU
		{CFAF4422-0C2A-4316-BE08-83DC06A08ABF}.ExportRelease|Any CPU.ActiveCfg = ExportRelease|Any CPU
		{CFAF4422-0C2A-4316-BE08-83DC06A08ABF}.ExportRelease|Any CPU.Build.0 = ExportRelease|Any CPU
	EndGlobalSection
EndGlobal
